# This file is automatically @generated by Cargo.
# It is not intended for manual editing.
version = 3

[[package]]
name = "const-if"
version = "0.1.3"
source = "registry+https://github.com/rust-lang/crates.io-index"
checksum = "91197b4526cc9706ace5dd44334605a8bfdb826f879b844ce9d73d51ee56f11d"

[[package]]
name = "dissarmv7"
version = "0.1.0"
dependencies = [
 "const-if",
 "paste",
]

[[package]]
name = "paste"
version = "1.0.14"
source = "registry+https://github.com/rust-lang/crates.io-index"
checksum = "de3145af08024dea9fa9914f381a17b8fc6034dfb00f3a84013f7ff43f29ed4c"
